
Microsoft Visual Studio Solution File, Format Version 12.00
# Visual Studio Version 16
VisualStudioVersion = 16.0.30523.141
MinimumVisualStudioVersion = 10.0.40219.1
Project("{9A19103F-16F7-4668-BE54-9A1E7A4F7556}") = "WordCount", "WordCount\WordCount.csproj", "{530AFB8A-CAD6-4F4A-B78B-E6459870127B}"
EndProject
Project("{FAE04EC0-301F-11D3-BF4B-00C04F79EFBC}") = "Text Generator", "Text Generator\Text Generator.csproj", "{D9C714EC-85F5-4170-A56C-28D5E11B3DA7}"
EndProject
Global
	GlobalSection(SolutionConfigurationPlatforms) = preSolution
		Debug|Any CPU = Debug|Any CPU
		Release|Any CPU = Release|Any CPU
	EndGlobalSection
	GlobalSection(ProjectConfigurationPlatforms) = postSolution
		{530AFB8A-CAD6-4F4A-B78B-E6459870127B}.Debug|Any CPU.ActiveCfg = Debug|Any CPU
		{530AFB8A-CAD6-4F4A-B78B-E6459870127B}.Debug|Any CPU.Build.0 = Debug|Any CPU
		{530AFB8A-CAD6-4F4A-B78B-E6459870127B}.Release|Any CPU.ActiveCfg = Release|Any CPU
		{530AFB8A-CAD6-4F4A-B78B-E6459870127B}.Release|Any CPU.Build.0 = Release|Any CPU
		{D9C714EC-85F5-4170-A56C-28D5E11B3DA7}.Debug|Any CPU.ActiveCfg = Debug|Any CPU
		{D9C714EC-85F5-4170-A56C-28D5E11B3DA7}.Debug|Any CPU.Build.0 = Debug|Any CPU
		{D9C714EC-85F5-4170-A56C-28D5E11B3DA7}.Release|Any CPU.ActiveCfg = Release|Any CPU
		{D9C714EC-85F5-4170-A56C-28D5E11B3DA7}.Release|Any CPU.Build.0 = Release|Any CPU
	EndGlobalSection
	GlobalSection(SolutionProperties) = preSolution
		HideSolutionNode = FALSE
	EndGlobalSection
	GlobalSection(ExtensibilityGlobals) = postSolution
		SolutionGuid = {90589E29-D8A4-4F9F-8A24-5E5961D2CB66}
	EndGlobalSection
EndGlobal
